# This file is generated by running "yarn install" inside your project.
# Manual changes might be lost - proceed with caution!

__metadata:
  version: 6
  cacheKey: 8

"@discordjs/builders@npm:^1.4.0":
  version: 1.4.0
  resolution: "@discordjs/builders@npm:1.4.0"
  dependencies:
    "@discordjs/util": ^0.1.0
    "@sapphire/shapeshift": ^3.7.1
    discord-api-types: ^0.37.20
    fast-deep-equal: ^3.1.3
    ts-mixer: ^6.0.2
    tslib: ^2.4.1
  checksum: 3089ea5dc58e62c0314fd5fd995281d183d1a938d14a71b89c47b71b6cdf4cdf9f8c2ee1d04ca59e6bdde583b8bb785f3b53d917fb155cade8d27ac0dedbc942
  languageName: node
  linkType: hard

"@discordjs/collection@npm:^1.3.0":
  version: 1.3.0
  resolution: "@discordjs/collection@npm:1.3.0"
  checksum: 5ca6e9757f4c1e19564a0ac96ebfcabd1a83bf3ac0270034a0ea887f418f196caea4b54ebac5aaf0fc28d98f58f12794a6242d07acf08c946f23aa2e0047e87d
  languageName: node
  linkType: hard

"@discordjs/rest@npm:^1.4.0":
  version: 1.5.0
  resolution: "@discordjs/rest@npm:1.5.0"
  dependencies:
    "@discordjs/collection": ^1.3.0
    "@discordjs/util": ^0.1.0
    "@sapphire/async-queue": ^1.5.0
    "@sapphire/snowflake": ^3.2.2
    discord-api-types: ^0.37.23
    file-type: ^18.0.0
    tslib: ^2.4.1
    undici: ^5.13.0
  checksum: 98b3a97fa3dbecd406cefca5e5245d51a1ab9eb748001f9d128065cc6dd6f61cc23efbdfa11e84e5147131fe40239d23c37b503d8c4c1a40b10d67b4c5b255ef
  languageName: node
  linkType: hard

"@discordjs/util@npm:^0.1.0":
  version: 0.1.0
  resolution: "@discordjs/util@npm:0.1.0"
  checksum: 880e15cd761437a21cf17b8a9dab50e7e5418fcc77dc34037c31a52b871fab1b958218ab6218aafd20af8b7a4e658a705d3f257268324773a285d9a06368c1b9
  languageName: node
  linkType: hard

"@sapphire/async-queue@npm:^1.5.0":
  version: 1.5.0
  resolution: "@sapphire/async-queue@npm:1.5.0"
  checksum: 983dbd1fd1b1798496e5edb6a0db7e4d90015160e1028f20475eab0a92625513f1e8d938bc0305811a9cec461c94e01b1e4191615ff03ba49356f568f3255250
  languageName: node
  linkType: hard

"@sapphire/shapeshift@npm:^3.7.1":
  version: 3.8.1
  resolution: "@sapphire/shapeshift@npm:3.8.1"
  dependencies:
    fast-deep-equal: ^3.1.3
    lodash: ^4.17.21
  checksum: 2a5954c76ee9a91506ae269141ffd2d71e05891c7f1618d0acbf3670312f0b473e356f9c3dafe484d8dc89282d7554f1fd7d720a2a3b0e921fb4e969d09513ee
  languageName: node
  linkType: hard

"@sapphire/snowflake@npm:^3.2.2":
  version: 3.3.0
  resolution: "@sapphire/snowflake@npm:3.3.0"
  checksum: 122bbe325d596d670650c5c037d7f80a85a280ef5d5170dcb11030252773defa0df76277bcd28e663abe9c206310dcc596e3be32666fc6c53dede2798c3109da
  languageName: node
  linkType: hard

"@tokenizer/token@npm:^0.3.0":
  version: 0.3.0
  resolution: "@tokenizer/token@npm:0.3.0"
  checksum: 1d575d02d2a9f0c5a4ca5180635ebd2ad59e0f18b42a65f3d04844148b49b3db35cf00b6012a1af2d59c2ab3caca59451c5689f747ba8667ee586ad717ee58e1
  languageName: node
  linkType: hard

"@types/node@npm:*":
  version: 18.11.17
  resolution: "@types/node@npm:18.11.17"
  checksum: 1933afd068d5c75c068c6c4df6d10edb3b0b2bb6503d544e2f0496ac007c90596e6a5e284a8ef032451bc16f871b7e46719d7d2bea60e9b25d13a77d52161cac
  languageName: node
  linkType: hard

"@types/ws@npm:^8.5.3":
  version: 8.5.3
  resolution: "@types/ws@npm:8.5.3"
  dependencies:
    "@types/node": "*"
  checksum: 0ce46f850d41383fcdc2149bcacc86d7232fa7a233f903d2246dff86e31701a02f8566f40af5f8b56d1834779255c04ec6ec78660fe0f9b2a69cf3d71937e4ae
  languageName: node
  linkType: hard

"busboy@npm:^1.6.0":
  version: 1.6.0
  resolution: "busboy@npm:1.6.0"
  dependencies:
    streamsearch: ^1.1.0
  checksum: 32801e2c0164e12106bf236291a00795c3c4e4b709ae02132883fe8478ba2ae23743b11c5735a0aae8afe65ac4b6ca4568b91f0d9fed1fdbc32ede824a73746e
  languageName: node
  linkType: hard

"debianime-bot@workspace:.":
  version: 0.0.0-use.local
  resolution: "debianime-bot@workspace:."
  dependencies:
    discord.js: ^14.7.1
  languageName: unknown
  linkType: soft

"discord-api-types@npm:^0.37.20, discord-api-types@npm:^0.37.23":
  version: 0.37.24
  resolution: "discord-api-types@npm:0.37.24"
  checksum: 3949e623bb901c5073f55ff004f07ee4a3a6ea7e0c7c5177b19294b1c014fc8594b8e0c5532f9bb22f60dd5696f48d1f152de0735d3d6fd74114e84ada6c77c8
  languageName: node
  linkType: hard

"discord.js@npm:^14.7.1":
  version: 14.7.1
  resolution: "discord.js@npm:14.7.1"
  dependencies:
    "@discordjs/builders": ^1.4.0
    "@discordjs/collection": ^1.3.0
    "@discordjs/rest": ^1.4.0
    "@discordjs/util": ^0.1.0
    "@sapphire/snowflake": ^3.2.2
    "@types/ws": ^8.5.3
    discord-api-types: ^0.37.20
    fast-deep-equal: ^3.1.3
    lodash.snakecase: ^4.1.1
    tslib: ^2.4.1
    undici: ^5.13.0
    ws: ^8.11.0
  checksum: fa861275b1f5360ef1b06cd514014ebd4e3f384655834dd1f73fd9f715bee643500f9d837c52f496d306825bc9c3d6c94e67463d91326e3750a28db765926ad6
  languageName: node
  linkType: hard

"fast-deep-equal@npm:^3.1.3":
  version: 3.1.3
  resolution: "fast-deep-equal@npm:3.1.3"
  checksum: e21a9d8d84f53493b6aa15efc9cfd53dd5b714a1f23f67fb5dc8f574af80df889b3bce25dc081887c6d25457cce704e636395333abad896ccdec03abaf1f3f9d
  languageName: node
  linkType: hard

"file-type@npm:^18.0.0":
  version: 18.0.0
  resolution: "file-type@npm:18.0.0"
  dependencies:
    readable-web-to-node-stream: ^3.0.2
    strtok3: ^7.0.0
    token-types: ^5.0.1
  checksum: 67f5a927b8030e35a4faf9dd9dea9e17bcb042fb61b9851b7dd1b1b3bb3ecfdd9f83bc3bc72686316ea2bac70df652c61e10affa9b5957b1a3d731df4925e3cb
  languageName: node
  linkType: hard

"ieee754@npm:^1.2.1":
  version: 1.2.1
  resolution: "ieee754@npm:1.2.1"
  checksum: 5144c0c9815e54ada181d80a0b810221a253562422e7c6c3a60b1901154184f49326ec239d618c416c1c5945a2e197107aee8d986a3dd836b53dffefd99b5e7e
  languageName: node
  linkType: hard

"inherits@npm:^2.0.3":
  version: 2.0.4
  resolution: "inherits@npm:2.0.4"
  checksum: 4a48a733847879d6cf6691860a6b1e3f0f4754176e4d71494c41f3475553768b10f84b5ce1d40fbd0e34e6bfbb864ee35858ad4dd2cf31e02fc4a154b724d7f1
  languageName: node
  linkType: hard

"lodash.snakecase@npm:^4.1.1":
  version: 4.1.1
  resolution: "lodash.snakecase@npm:4.1.1"
  checksum: 1685ed3e83dda6eae5a4dcaee161a51cd210aabb3e1c09c57150e7dd8feda19e4ca0d27d0631eabe8d0f4eaa51e376da64e8c018ae5415417c5890d42feb72a8
  languageName: node
  linkType: hard

"lodash@npm:^4.17.21":
  version: 4.17.21
  resolution: "lodash@npm:4.17.21"
  checksum: eb835a2e51d381e561e508ce932ea50a8e5a68f4ebdd771ea240d3048244a8d13658acbd502cd4829768c56f2e16bdd4340b9ea141297d472517b83868e677f7
  languageName: node
  linkType: hard

"peek-readable@npm:^5.0.0":
  version: 5.0.0
  resolution: "peek-readable@npm:5.0.0"
  checksum: bef5ceb50586eb42e14efba274ac57ffe97f0ed272df9239ce029f688f495d9bf74b2886fa27847c706a9db33acda4b7d23bbd09a2d21eb4c2a54da915117414
  languageName: node
  linkType: hard

"readable-stream@npm:^3.6.0":
  version: 3.6.0
  resolution: "readable-stream@npm:3.6.0"
  dependencies:
    inherits: ^2.0.3
    string_decoder: ^1.1.1
    util-deprecate: ^1.0.1
  checksum: d4ea81502d3799439bb955a3a5d1d808592cf3133350ed352aeaa499647858b27b1c4013984900238b0873ec8d0d8defce72469fb7a83e61d53f5ad61cb80dc8
  languageName: node
  linkType: hard

"readable-web-to-node-stream@npm:^3.0.2":
  version: 3.0.2
  resolution: "readable-web-to-node-stream@npm:3.0.2"
  dependencies:
    readable-stream: ^3.6.0
  checksum: 8c56cc62c68513425ddfa721954875b382768f83fa20e6b31e365ee00cbe7a3d6296f66f7f1107b16cd3416d33aa9f1680475376400d62a081a88f81f0ea7f9c
  languageName: node
  linkType: hard

"safe-buffer@npm:~5.2.0":
  version: 5.2.1
  resolution: "safe-buffer@npm:5.2.1"
  checksum: b99c4b41fdd67a6aaf280fcd05e9ffb0813654894223afb78a31f14a19ad220bba8aba1cb14eddce1fcfb037155fe6de4e861784eb434f7d11ed58d1e70dd491
  languageName: node
  linkType: hard

"streamsearch@npm:^1.1.0":
  version: 1.1.0
  resolution: "streamsearch@npm:1.1.0"
  checksum: 1cce16cea8405d7a233d32ca5e00a00169cc0e19fbc02aa839959985f267335d435c07f96e5e0edd0eadc6d39c98d5435fb5bbbdefc62c41834eadc5622ad942
  languageName: node
  linkType: hard

"string_decoder@npm:^1.1.1":
  version: 1.3.0
  resolution: "string_decoder@npm:1.3.0"
  dependencies:
    safe-buffer: ~5.2.0
  checksum: 8417646695a66e73aefc4420eb3b84cc9ffd89572861fe004e6aeb13c7bc00e2f616247505d2dbbef24247c372f70268f594af7126f43548565c68c117bdeb56
  languageName: node
  linkType: hard

"strtok3@npm:^7.0.0":
  version: 7.0.0
  resolution: "strtok3@npm:7.0.0"
  dependencies:
    "@tokenizer/token": ^0.3.0
    peek-readable: ^5.0.0
  checksum: 2ebe7ad8f2aea611dec6742cf6a42e82764892a362907f7ce493faf334501bf981ce21c828dcc300457e6d460dc9c34d644ededb3b01dcb9e37559203cf1748c
  languageName: node
  linkType: hard

"token-types@npm:^5.0.1":
  version: 5.0.1
  resolution: "token-types@npm:5.0.1"
  dependencies:
    "@tokenizer/token": ^0.3.0
    ieee754: ^1.2.1
  checksum: 32780123bc6ce8b6a2231d860445c994a02a720abf38df5583ea957aa6626873cd1c4dd8af62314da4cf16ede00c379a765707a3b06f04b8808c38efdae1c785
  languageName: node
  linkType: hard

"ts-mixer@npm:^6.0.2":
  version: 6.0.2
  resolution: "ts-mixer@npm:6.0.2"
  checksum: cbe9935886fab201f2265ebde8e7e4147a3147ba6b6b4701ed5b92fd52729cda340f45f80f486131d203ed25c8c896a2a3623b2c33cd14314bd7ba961e97ee2e
  languageName: node
  linkType: hard

"tslib@npm:^2.4.1":
  version: 2.4.1
  resolution: "tslib@npm:2.4.1"
  checksum: 19480d6e0313292bd6505d4efe096a6b31c70e21cf08b5febf4da62e95c265c8f571f7b36fcc3d1a17e068032f59c269fab3459d6cd3ed6949eafecf64315fca
  languageName: node
  linkType: hard

"undici@npm:^5.13.0":
  version: 5.14.0
  resolution: "undici@npm:5.14.0"
  dependencies:
    busboy: ^1.6.0
  checksum: 7a076e44d84b25844b4eb657034437b8b9bb91f17d347de474fdea1d4263ce7ae9406db79cd30de5642519277b4893f43073258bcc8fed420b295da3fdd11b26
  languageName: node
  linkType: hard

"util-deprecate@npm:^1.0.1":
  version: 1.0.2
  resolution: "util-deprecate@npm:1.0.2"
  checksum: 474acf1146cb2701fe3b074892217553dfcf9a031280919ba1b8d651a068c9b15d863b7303cb15bd00a862b498e6cf4ad7b4a08fb134edd5a6f7641681cb54a2
  languageName: node
  linkType: hard

"ws@npm:^8.11.0":
  version: 8.11.0
  resolution: "ws@npm:8.11.0"
  peerDependencies:
    bufferutil: ^4.0.1
    utf-8-validate: ^5.0.2
  peerDependenciesMeta:
    bufferutil:
      optional: true
    utf-8-validate:
      optional: true
  checksum: 316b33aba32f317cd217df66dbfc5b281a2f09ff36815de222bc859e3424d83766d9eb2bd4d667de658b6ab7be151f258318fb1da812416b30be13103e5b5c67
  languageName: node
  linkType: hard
