# This file is generated by running "yarn install" inside your project.
# Manual changes might be lost - proceed with caution!

__metadata:
  version: 8
  cacheKey: 10

"@discordjs/builders@npm:^1.9.0":
  version: 1.9.0
  resolution: "@discordjs/builders@npm:1.9.0"
  dependencies:
    "@discordjs/formatters": "npm:^0.5.0"
    "@discordjs/util": "npm:^1.1.1"
    "@sapphire/shapeshift": "npm:^4.0.0"
    discord-api-types: "npm:0.37.97"
    fast-deep-equal: "npm:^3.1.3"
    ts-mixer: "npm:^6.0.4"
    tslib: "npm:^2.6.3"
  checksum: 10/8d45f4919355237d8e442df7a98cec49fcd9dcdcb193cdbb88dbc8775d5cb25f6451317a40542921ab54649a9e9fc801e781617f290634db78ae3cd91454ccd3
  languageName: node
  linkType: hard

"@discordjs/collection@npm:1.5.3":
  version: 1.5.3
  resolution: "@discordjs/collection@npm:1.5.3"
  checksum: 10/770d0576612555c848858ead2a6c6242252f51ae3a7a6fdcc4986ceeb330ed8cffb81bcd1819e1ef11cce946cb9e707791926e757985cc2e081e984012c08dad
  languageName: node
  linkType: hard

"@discordjs/collection@npm:^2.1.0":
  version: 2.1.0
  resolution: "@discordjs/collection@npm:2.1.0"
  checksum: 10/386b508a0ed55614a8c32990a16eaaae4c9289172ce06fc7489b91932c593f7485fb62afd13cf71ad762ba927e73233ed63a8d6c8884de949cf1dfaa8ca391e8
  languageName: node
  linkType: hard

"@discordjs/collection@npm:^2.1.1":
  version: 2.1.1
  resolution: "@discordjs/collection@npm:2.1.1"
  checksum: 10/2bf815120929e20bdcc94a7d0a9c0e567ef859b8cc502f5ecddaeae31ba3457711df708ab200ac6e86ffccab31f796192860f8ad609a9ddc2cdd7ffe5825a266
  languageName: node
  linkType: hard

"@discordjs/formatters@npm:^0.5.0":
  version: 0.5.0
  resolution: "@discordjs/formatters@npm:0.5.0"
  dependencies:
    discord-api-types: "npm:0.37.97"
  checksum: 10/71643849aef40cdbee997739cad95fcd2e803800fd8db9c8decffd9bbfc37467b0ca1dd8dd827d4bd34651c2b0944e93aea0879f9db6b7f03bdc24fbc07928bf
  languageName: node
  linkType: hard

"@discordjs/rest@npm:^2.3.0":
  version: 2.3.0
  resolution: "@discordjs/rest@npm:2.3.0"
  dependencies:
    "@discordjs/collection": "npm:^2.1.0"
    "@discordjs/util": "npm:^1.1.0"
    "@sapphire/async-queue": "npm:^1.5.2"
    "@sapphire/snowflake": "npm:^3.5.3"
    "@vladfrangu/async_event_emitter": "npm:^2.2.4"
    discord-api-types: "npm:0.37.83"
    magic-bytes.js: "npm:^1.10.0"
    tslib: "npm:^2.6.2"
    undici: "npm:6.13.0"
  checksum: 10/55932ed31248f3b02e819fb2e197eb223862d29894f8b0271d8451c5d8226ae9f398d65234f299bdd5e8597ca8e287ad82867d9b85d54070b6ff172ad3e22ee9
  languageName: node
  linkType: hard

"@discordjs/rest@npm:^2.4.0":
  version: 2.4.0
  resolution: "@discordjs/rest@npm:2.4.0"
  dependencies:
    "@discordjs/collection": "npm:^2.1.1"
    "@discordjs/util": "npm:^1.1.1"
    "@sapphire/async-queue": "npm:^1.5.3"
    "@sapphire/snowflake": "npm:^3.5.3"
    "@vladfrangu/async_event_emitter": "npm:^2.4.6"
    discord-api-types: "npm:0.37.97"
    magic-bytes.js: "npm:^1.10.0"
    tslib: "npm:^2.6.3"
    undici: "npm:6.19.8"
  checksum: 10/aca81c02f24b953400425d0ba96b96bf1a7b9a42aa9ccff021ea795cd9bed3fa36586a921720569a88cceb659507a76084b72c28f08b931121ea0e4b292a1431
  languageName: node
  linkType: hard

"@discordjs/util@npm:^1.1.0":
  version: 1.1.0
  resolution: "@discordjs/util@npm:1.1.0"
  checksum: 10/ce76daa238a4675e3fa081579645debb19df1028ed7c0a518ad81837ae5b17ee8eea8da22bb8d3671b5e5384f315a2972cc0f64d829531cc54fe2afecc0acb79
  languageName: node
  linkType: hard

"@discordjs/util@npm:^1.1.1":
  version: 1.1.1
  resolution: "@discordjs/util@npm:1.1.1"
  checksum: 10/3c8ae0c47fcf124e13bfef6232cf4564c35da9ac6b95b63888458c6662742e387324cdafa6207d625415553a5d05fc854f106c726a00c8e81c3414fd5e7eaf2c
  languageName: node
  linkType: hard

"@discordjs/ws@npm:1.1.1":
  version: 1.1.1
  resolution: "@discordjs/ws@npm:1.1.1"
  dependencies:
    "@discordjs/collection": "npm:^2.1.0"
    "@discordjs/rest": "npm:^2.3.0"
    "@discordjs/util": "npm:^1.1.0"
    "@sapphire/async-queue": "npm:^1.5.2"
    "@types/ws": "npm:^8.5.10"
    "@vladfrangu/async_event_emitter": "npm:^2.2.4"
    discord-api-types: "npm:0.37.83"
    tslib: "npm:^2.6.2"
    ws: "npm:^8.16.0"
  checksum: 10/d926fee9e6c6d9e01b574340bdec848baf620b08d34fa9d1547aadb806b5e25317707a82867b36ff6f75feefa373fa208648fac54e01038adb5dfc91c9e55349
  languageName: node
  linkType: hard

"@keyv/mongo@npm:^3.0.1":
  version: 3.0.1
  resolution: "@keyv/mongo@npm:3.0.1"
  dependencies:
    mongodb: "npm:^6.8.0"
  checksum: 10/ca63a1b19effc153a30ad32417e37db47bc0be9cd7f8c7876737e8d61ff25dd01b97f3590ba92a132ce40496f994b5bb3d2fb2d92721cb26fd93daa2586b4369
  languageName: node
  linkType: hard

"@mongodb-js/saslprep@npm:^1.1.5":
  version: 1.1.8
  resolution: "@mongodb-js/saslprep@npm:1.1.8"
  dependencies:
    sparse-bitfield: "npm:^3.0.3"
  checksum: 10/ff3ed794370aab2d941b6d28bd5fb523782221e2e996db56604278b13829ee10d0b6875b1d6e02023277121c71ca53aabdee8f72cf23cf50741cd7ec694a4868
  languageName: node
  linkType: hard

"@sapphire/async-queue@npm:^1.5.2":
  version: 1.5.2
  resolution: "@sapphire/async-queue@npm:1.5.2"
  checksum: 10/55e0785997ec34479509c134a3ffc5e9dc0c183b56b1cb95b0505539972a538b0bff8922c1d051ebeee227b000f79f1f499f1897229a117644833375093aa7b3
  languageName: node
  linkType: hard

"@sapphire/async-queue@npm:^1.5.3":
  version: 1.5.3
  resolution: "@sapphire/async-queue@npm:1.5.3"
  checksum: 10/6a9fdeeaa3e4591c057cb67b5aae86d9c94326dcb0ea9e8e3b8eba8cbcfee2a0f672d837a51e3da2c838f9861a6117fced2b0ac8e1b719bc5caf1bbbee781fb3
  languageName: node
  linkType: hard

"@sapphire/shapeshift@npm:^4.0.0":
  version: 4.0.0
  resolution: "@sapphire/shapeshift@npm:4.0.0"
  dependencies:
    fast-deep-equal: "npm:^3.1.3"
    lodash: "npm:^4.17.21"
  checksum: 10/71437388066ca19a521f94f3066633010a5b3e24d9da1c07664389b9b02635af502b81236af92f24bb4c0f312a93b0f4ac544391afd464c2e98e6f93e2a4ded0
  languageName: node
  linkType: hard

"@sapphire/snowflake@npm:3.5.3, @sapphire/snowflake@npm:^3.5.3":
  version: 3.5.3
  resolution: "@sapphire/snowflake@npm:3.5.3"
  checksum: 10/f306626f76a6e9bdc7de9130c1baf7ddcd8681d7d03b2ab6f2404081f71c94085d4001e8a62ae2c2372b3b54d2d52ec21d43695f2c73fb101caabc2d3bf524aa
  languageName: node
  linkType: hard

"@types/node@npm:*":
  version: 20.14.10
  resolution: "@types/node@npm:20.14.10"
  dependencies:
    undici-types: "npm:~5.26.4"
  checksum: 10/672892cf94d0d95cf052f11271990686a0fd204cd1e5fe7a4ef240e5315e06711765dc47b9ec98627d3adac18b8c92bb7e2d8db21d18faa20bc3e3203a143e79
  languageName: node
  linkType: hard

"@types/webidl-conversions@npm:*":
  version: 7.0.3
  resolution: "@types/webidl-conversions@npm:7.0.3"
  checksum: 10/535ead9de4d3d6c8e4f4fa14e9db780d2a31e8020debc062f337e1420a41c3265e223e4f4b628f97a11ecf3b96390962cd88a9ffe34f44e159dec583ff49aa34
  languageName: node
  linkType: hard

"@types/whatwg-url@npm:^11.0.2":
  version: 11.0.5
  resolution: "@types/whatwg-url@npm:11.0.5"
  dependencies:
    "@types/webidl-conversions": "npm:*"
  checksum: 10/23a0c45aff51817807b473a6adb181d6e3bb0d27dde54e84883d5d5bc93358e95204d2188e7ff7fdc2cdaf157e97e1188ef0a22ec79228da300fc30d4a05b56a
  languageName: node
  linkType: hard

"@types/ws@npm:^8.5.10":
  version: 8.5.10
  resolution: "@types/ws@npm:8.5.10"
  dependencies:
    "@types/node": "npm:*"
  checksum: 10/9b414dc5e0b6c6f1ea4b1635b3568c58707357f68076df9e7cd33194747b7d1716d5189c0dbdd68c8d2521b148e88184cf881bac7429eb0e5c989b001539ed31
  languageName: node
  linkType: hard

"@vladfrangu/async_event_emitter@npm:^2.2.4":
  version: 2.4.3
  resolution: "@vladfrangu/async_event_emitter@npm:2.4.3"
  checksum: 10/90b291955aa85390b3f3d58f362678ce0a04c327a8c8a1be61b94d81f9e6f22385d21e342f8d64988f11c1207f132d61210a1e45879f8a2faa29ab9a70cf5945
  languageName: node
  linkType: hard

"@vladfrangu/async_event_emitter@npm:^2.4.6":
  version: 2.4.6
  resolution: "@vladfrangu/async_event_emitter@npm:2.4.6"
  checksum: 10/6a329441bbd36bb8bdc8c49f18328abf724834597c8cab56b5741f18fa167a010bb841bc9ec3638b6b73c6692b85d0de724612b0a416b523650574576fd1a197
  languageName: node
  linkType: hard

"bson@npm:^6.7.0":
  version: 6.8.0
  resolution: "bson@npm:6.8.0"
  checksum: 10/e73784ae891a30388e69e6f7a5b5962c34c180e0c1dc570c1e13815cdb1076d2253362f6e20e24a419bd1aa2aaf9f388a51049a1fcd19e8b947faec90edd2979
  languageName: node
  linkType: hard

"debianime-bot@workspace:.":
  version: 0.0.0-use.local
  resolution: "debianime-bot@workspace:."
  dependencies:
    "@keyv/mongo": "npm:^3.0.1"
    discord.js: "npm:^14.16.2"
    dotenv: "npm:^16.4.5"
    rss-parser: "npm:^3.13.0"
  languageName: unknown
  linkType: soft

"discord-api-types@npm:0.37.83":
  version: 0.37.83
  resolution: "discord-api-types@npm:0.37.83"
  checksum: 10/63aee8b4634f98e24921ba7ba82eab30105917d7bf40739b7fbe327a8c93134a78408d842bd7ad7cf3f45948d86db5ec0cb670d66e0fe0f8229cb15bfda5108f
  languageName: node
  linkType: hard

"discord-api-types@npm:0.37.97":
  version: 0.37.97
  resolution: "discord-api-types@npm:0.37.97"
  checksum: 10/94eea4b95ebb7ab89cce325c5c5654ce7fd3f1e17efa997fd375b7fe81cd5e872c097cf98cfc9d4d7ff233c924f501d812516a048913023bde02f3bbba21849b
  languageName: node
  linkType: hard

"discord.js@npm:^14.16.2":
  version: 14.16.2
  resolution: "discord.js@npm:14.16.2"
  dependencies:
    "@discordjs/builders": "npm:^1.9.0"
    "@discordjs/collection": "npm:1.5.3"
    "@discordjs/formatters": "npm:^0.5.0"
    "@discordjs/rest": "npm:^2.4.0"
    "@discordjs/util": "npm:^1.1.1"
    "@discordjs/ws": "npm:1.1.1"
    "@sapphire/snowflake": "npm:3.5.3"
    discord-api-types: "npm:0.37.97"
    fast-deep-equal: "npm:3.1.3"
    lodash.snakecase: "npm:4.1.1"
    tslib: "npm:^2.6.3"
    undici: "npm:6.19.8"
  checksum: 10/9da5621e88734b3cc8236de492c4fb6b78ee8c0a9a751472aa221234f66cf741f0947e81eb1842dd5ba711b95228593855a9f16453b4786455f3cb7c7cd1c381
  languageName: node
  linkType: hard

"dotenv@npm:^16.4.5":
  version: 16.4.5
  resolution: "dotenv@npm:16.4.5"
  checksum: 10/55a3134601115194ae0f924e54473459ed0d9fc340ae610b676e248cca45aa7c680d86365318ea964e6da4e2ea80c4514c1adab5adb43d6867fb57ff068f95c8
  languageName: node
  linkType: hard

"entities@npm:^2.0.3":
  version: 2.2.0
  resolution: "entities@npm:2.2.0"
  checksum: 10/2c765221ee324dbe25e1b8ca5d1bf2a4d39e750548f2e85cbf7ca1d167d709689ddf1796623e66666ae747364c11ed512c03b48c5bbe70968d30f2a4009509b7
  languageName: node
  linkType: hard

"fast-deep-equal@npm:3.1.3, fast-deep-equal@npm:^3.1.3":
  version: 3.1.3
  resolution: "fast-deep-equal@npm:3.1.3"
  checksum: 10/e21a9d8d84f53493b6aa15efc9cfd53dd5b714a1f23f67fb5dc8f574af80df889b3bce25dc081887c6d25457cce704e636395333abad896ccdec03abaf1f3f9d
  languageName: node
  linkType: hard

"lodash.snakecase@npm:4.1.1":
  version: 4.1.1
  resolution: "lodash.snakecase@npm:4.1.1"
  checksum: 10/82ed40935d840477ef8fee64f9f263f75989c6cde36b84aae817246d95826228e1b5a7f6093c51de324084f86433634c7af244cb89496633cacfe443071450d0
  languageName: node
  linkType: hard

"lodash@npm:^4.17.21":
  version: 4.17.21
  resolution: "lodash@npm:4.17.21"
  checksum: 10/c08619c038846ea6ac754abd6dd29d2568aa705feb69339e836dfa8d8b09abbb2f859371e86863eda41848221f9af43714491467b5b0299122431e202bb0c532
  languageName: node
  linkType: hard

"magic-bytes.js@npm:^1.10.0":
  version: 1.10.0
  resolution: "magic-bytes.js@npm:1.10.0"
  checksum: 10/4b84d54b79914df3e9824ba6aba4eb01ea2555d14c7a4fa45be43ef8be3c286ad3a8dcdb536b328de2d7469dbbd3a21ee4b15d338cadc43eb08c0df249a19e7a
  languageName: node
  linkType: hard

"memory-pager@npm:^1.0.2":
  version: 1.5.0
  resolution: "memory-pager@npm:1.5.0"
  checksum: 10/ffe3461b6aa4e400138d1d9c59890b1cbeae3256592a0dfae49577f4bec93952de65f31f682f0b15451d2a7cf018be775ed1e1411705e45514b14fb70883a66b
  languageName: node
  linkType: hard

"mongodb-connection-string-url@npm:^3.0.0":
  version: 3.0.1
  resolution: "mongodb-connection-string-url@npm:3.0.1"
  dependencies:
    "@types/whatwg-url": "npm:^11.0.2"
    whatwg-url: "npm:^13.0.0"
  checksum: 10/f58918305637995c69a9a765ce3b442695195bb387d4deabfd9f1700bddc9d74e66136ff78e1d4aa24eb6877ae9b0f80c2699ebac8cadb0475b272da44a2623a
  languageName: node
  linkType: hard

"mongodb@npm:^6.8.0":
  version: 6.8.0
  resolution: "mongodb@npm:6.8.0"
  dependencies:
    "@mongodb-js/saslprep": "npm:^1.1.5"
    bson: "npm:^6.7.0"
    mongodb-connection-string-url: "npm:^3.0.0"
  peerDependencies:
    "@aws-sdk/credential-providers": ^3.188.0
    "@mongodb-js/zstd": ^1.1.0
    gcp-metadata: ^5.2.0
    kerberos: ^2.0.1
    mongodb-client-encryption: ">=6.0.0 <7"
    snappy: ^7.2.2
    socks: ^2.7.1
  peerDependenciesMeta:
    "@aws-sdk/credential-providers":
      optional: true
    "@mongodb-js/zstd":
      optional: true
    gcp-metadata:
      optional: true
    kerberos:
      optional: true
    mongodb-client-encryption:
      optional: true
    snappy:
      optional: true
    socks:
      optional: true
  checksum: 10/c9adf8b694e8e510421c8e6e44c337fe6d58e7d33374dc28b355095df92a807fb5a3c691eaf376a87ae693f6ec0779e8aae41a32bbdc63f2961289c616bcbb9a
  languageName: node
  linkType: hard

"punycode@npm:^2.3.0":
  version: 2.3.1
  resolution: "punycode@npm:2.3.1"
  checksum: 10/febdc4362bead22f9e2608ff0171713230b57aff9dddc1c273aa2a651fbd366f94b7d6a71d78342a7c0819906750351ca7f2edd26ea41b626d87d6a13d1bd059
  languageName: node
  linkType: hard

"rss-parser@npm:^3.13.0":
  version: 3.13.0
  resolution: "rss-parser@npm:3.13.0"
  dependencies:
    entities: "npm:^2.0.3"
    xml2js: "npm:^0.5.0"
  checksum: 10/c27fc0c3c2775b915d8b34d59325aadb96184a0903f566c1cb17571ea930eb8be347739ab478a17f948ed5f71b464e0b5208e6627ae16847fa7ce3783ded77ff
  languageName: node
  linkType: hard

"sax@npm:>=0.6.0":
  version: 1.4.1
  resolution: "sax@npm:1.4.1"
  checksum: 10/b1c784b545019187b53a0c28edb4f6314951c971e2963a69739c6ce222bfbc767e54d320e689352daba79b7d5e06d22b5d7113b99336219d6e93718e2f99d335
  languageName: node
  linkType: hard

"sparse-bitfield@npm:^3.0.3":
  version: 3.0.3
  resolution: "sparse-bitfield@npm:3.0.3"
  dependencies:
    memory-pager: "npm:^1.0.2"
  checksum: 10/174da88dbbcc783d5dbd26921931cc83830280b8055fb05333786ebe6fc015b9601b24972b3d55920dd2d9f5fb120576fbfa2469b08e5222c9cadf3f05210aab
  languageName: node
  linkType: hard

"tr46@npm:^4.1.1":
  version: 4.1.1
  resolution: "tr46@npm:4.1.1"
  dependencies:
    punycode: "npm:^2.3.0"
  checksum: 10/ca811409c46de84618e4e7f90469184b50d16618b2f027a5ebeccb0d83ee7f51eca229e71f5b15cdec008ca247ad2ccabfdd3daf861604fcc7e341d0c35c30ca
  languageName: node
  linkType: hard

"ts-mixer@npm:^6.0.4":
  version: 6.0.4
  resolution: "ts-mixer@npm:6.0.4"
  checksum: 10/f20571a4a4ff7b5e1a2ff659208c1ea9d4180dda932b71d289edc99e25a2948c9048e2e676b930302ac0f8e88279e0da6022823183e67de3906a3f3a8b72ea80
  languageName: node
  linkType: hard

"tslib@npm:^2.6.2":
  version: 2.6.3
  resolution: "tslib@npm:2.6.3"
  checksum: 10/52109bb681f8133a2e58142f11a50e05476de4f075ca906d13b596ae5f7f12d30c482feb0bff167ae01cfc84c5803e575a307d47938999246f5a49d174fc558c
  languageName: node
  linkType: hard

"tslib@npm:^2.6.3":
  version: 2.7.0
  resolution: "tslib@npm:2.7.0"
  checksum: 10/9a5b47ddac65874fa011c20ff76db69f97cf90c78cff5934799ab8894a5342db2d17b4e7613a087046bc1d133d21547ddff87ac558abeec31ffa929c88b7fce6
  languageName: node
  linkType: hard

"undici-types@npm:~5.26.4":
  version: 5.26.5
  resolution: "undici-types@npm:5.26.5"
  checksum: 10/0097779d94bc0fd26f0418b3a05472410408877279141ded2bd449167be1aed7ea5b76f756562cb3586a07f251b90799bab22d9019ceba49c037c76445f7cddd
  languageName: node
  linkType: hard

"undici@npm:6.13.0":
  version: 6.13.0
  resolution: "undici@npm:6.13.0"
  checksum: 10/4ec2038e95779d4f1114a5dcf5bc74ec59c7fc76f6287f8a6bea6d69113f0190e6d41cc6e14409b5d912b0a92ce910b33bfa05808f40b6bf2b802b58b427f2cf
  languageName: node
  linkType: hard

"undici@npm:6.19.8":
  version: 6.19.8
  resolution: "undici@npm:6.19.8"
  checksum: 10/19ae4ba38b029a664d99fd330935ef59136cf99edb04ed821042f27b5a9e84777265fb744c8a7abc83f2059afb019446c69a4ebef07bbc0ed6b2de8d67ef4090
  languageName: node
  linkType: hard

"webidl-conversions@npm:^7.0.0":
  version: 7.0.0
  resolution: "webidl-conversions@npm:7.0.0"
  checksum: 10/4c4f65472c010eddbe648c11b977d048dd96956a625f7f8b9d64e1b30c3c1f23ea1acfd654648426ce5c743c2108a5a757c0592f02902cf7367adb7d14e67721
  languageName: node
  linkType: hard

"whatwg-url@npm:^13.0.0":
  version: 13.0.0
  resolution: "whatwg-url@npm:13.0.0"
  dependencies:
    tr46: "npm:^4.1.1"
    webidl-conversions: "npm:^7.0.0"
  checksum: 10/1675f5b786bbc2809de8bde5e0c99790cd50c36227942c851b1c2445cc1860a26fd15a4d6eca2cd996882bfde93b66fbc88864cd9b84f2c725427afd81e0f024
  languageName: node
  linkType: hard

"ws@npm:^8.16.0":
  version: 8.18.0
  resolution: "ws@npm:8.18.0"
  peerDependencies:
    bufferutil: ^4.0.1
    utf-8-validate: ">=5.0.2"
  peerDependenciesMeta:
    bufferutil:
      optional: true
    utf-8-validate:
      optional: true
  checksum: 10/70dfe53f23ff4368d46e4c0b1d4ca734db2c4149c6f68bc62cb16fc21f753c47b35fcc6e582f3bdfba0eaeb1c488cddab3c2255755a5c3eecb251431e42b3ff6
  languageName: node
  linkType: hard

"xml2js@npm:^0.5.0":
  version: 0.5.0
  resolution: "xml2js@npm:0.5.0"
  dependencies:
    sax: "npm:>=0.6.0"
    xmlbuilder: "npm:~11.0.0"
  checksum: 10/27c4d759214e99be5ec87ee5cb1290add427fa43df509d3b92d10152b3806fd2f7c9609697a18b158ccf2caa01e96af067cdba93196f69ca10c90e4f79a08896
  languageName: node
  linkType: hard

"xmlbuilder@npm:~11.0.0":
  version: 11.0.1
  resolution: "xmlbuilder@npm:11.0.1"
  checksum: 10/c8c3d208783718db5b285101a736cd8e6b69a5c265199a0739abaa93d1a1b7de5489fd16df4e776e18b2c98cb91f421a7349e99fd8c1ebeb44ecfed72a25091a
  languageName: node
  linkType: hard
