# This file is generated by running "yarn install" inside your project.
# Manual changes might be lost - proceed with caution!

__metadata:
  version: 6
  cacheKey: 8

"@discordjs/builders@npm:^1.9.0":
  version: 1.9.0
  resolution: "@discordjs/builders@npm:1.9.0"
  dependencies:
    "@discordjs/formatters": ^0.5.0
    "@discordjs/util": ^1.1.1
    "@sapphire/shapeshift": ^4.0.0
    discord-api-types: 0.37.97
    fast-deep-equal: ^3.1.3
    ts-mixer: ^6.0.4
    tslib: ^2.6.3
  checksum: 082c5b7a486c8f3320ab1632e2ec55f9bbdee0ca81663796c7f4897e957fbda16348e4732bc726531ecbbef15f799e57fa105d1d37209fefb1e9c489d2f41cba
  languageName: node
  linkType: hard

"@discordjs/collection@npm:1.5.3":
  version: 1.5.3
  resolution: "@discordjs/collection@npm:1.5.3"
  checksum: fefed19bea0f69053d195f9d9dc8af07ca5d8c9b1064581e0aa14bda2b70e632b93c164d5ef3e4910f5442369612ff4eec8d52a700aec562510c19b223f67023
  languageName: node
  linkType: hard

"@discordjs/collection@npm:^2.1.0":
  version: 2.1.0
  resolution: "@discordjs/collection@npm:2.1.0"
  checksum: ebe1a32769296f14a38b2c718c7e0d00830e37e68e59a3683aa0f7c25adf9487ebaca3ac3f78fd60e2c89cf314b7891312cac36e3b0885cceb4d2a677ae7d19b
  languageName: node
  linkType: hard

"@discordjs/collection@npm:^2.1.1":
  version: 2.1.1
  resolution: "@discordjs/collection@npm:2.1.1"
  checksum: 8c4cd75061b378a35dfa50c4403828b8e6d5d32934047d1d26e5a4fcc2c1b8135ebf74a6dd9ec61afcb4ec030d596b85da5463dc28cad084635cd184eb69c453
  languageName: node
  linkType: hard

"@discordjs/formatters@npm:^0.5.0":
  version: 0.5.0
  resolution: "@discordjs/formatters@npm:0.5.0"
  dependencies:
    discord-api-types: 0.37.97
  checksum: 006cfbfc1166addd2b63097b9bd55699f3f4058cd1dbc3f0e4811ae55d65bf0456259b1cce39494cc8899aae290c2299c13a318290dff4a5f3c00de33410d6c5
  languageName: node
  linkType: hard

"@discordjs/rest@npm:^2.3.0":
  version: 2.3.0
  resolution: "@discordjs/rest@npm:2.3.0"
  dependencies:
    "@discordjs/collection": ^2.1.0
    "@discordjs/util": ^1.1.0
    "@sapphire/async-queue": ^1.5.2
    "@sapphire/snowflake": ^3.5.3
    "@vladfrangu/async_event_emitter": ^2.2.4
    discord-api-types: 0.37.83
    magic-bytes.js: ^1.10.0
    tslib: ^2.6.2
    undici: 6.13.0
  checksum: 01564bf108c359f5650318ccadc51bf762c99df56de865192b25adef4331c0729886e84b4ebd10dfc57818b97ff891f1857873811e7a2326d24fd0bf892a0201
  languageName: node
  linkType: hard

"@discordjs/rest@npm:^2.4.0":
  version: 2.4.0
  resolution: "@discordjs/rest@npm:2.4.0"
  dependencies:
    "@discordjs/collection": ^2.1.1
    "@discordjs/util": ^1.1.1
    "@sapphire/async-queue": ^1.5.3
    "@sapphire/snowflake": ^3.5.3
    "@vladfrangu/async_event_emitter": ^2.4.6
    discord-api-types: 0.37.97
    magic-bytes.js: ^1.10.0
    tslib: ^2.6.3
    undici: 6.19.8
  checksum: 005522106515d15984d9cea59cfe1e5839bbb726c6cea907b34abeea4a5a5944104fdcec7e7adc20ee6a7d86da6c2a48929ce0667090d95c4b39ff48f119b6a7
  languageName: node
  linkType: hard

"@discordjs/util@npm:^1.1.0":
  version: 1.1.0
  resolution: "@discordjs/util@npm:1.1.0"
  checksum: b4db3fc6017986cd0e7fd6aa50e890e1259e79c6e0ff9c07685a86b2c22409a42f146f282d907885444f37ca596220c166d8be11851fab7f9e2c1ee932fd524e
  languageName: node
  linkType: hard

"@discordjs/util@npm:^1.1.1":
  version: 1.1.1
  resolution: "@discordjs/util@npm:1.1.1"
  checksum: 13f25aa2917de732bdd90e9cee9322b69c8c0a173206e2ce308f1bb177d4ce20a138efdb5b0ec5029a10ebbbde71d4c12ba51354b09db4b488e8de429c393fd4
  languageName: node
  linkType: hard

"@discordjs/ws@npm:1.1.1":
  version: 1.1.1
  resolution: "@discordjs/ws@npm:1.1.1"
  dependencies:
    "@discordjs/collection": ^2.1.0
    "@discordjs/rest": ^2.3.0
    "@discordjs/util": ^1.1.0
    "@sapphire/async-queue": ^1.5.2
    "@types/ws": ^8.5.10
    "@vladfrangu/async_event_emitter": ^2.2.4
    discord-api-types: 0.37.83
    tslib: ^2.6.2
    ws: ^8.16.0
  checksum: 42ba6dad56d6d340b34e400144cb6cd0433c963b16c51e24496b43a1a23cc01c663cb24c492b9fc8c1f7dd528ce32f7d34e2ed379dbc57352468f5505fe21486
  languageName: node
  linkType: hard

"@keyv/mongo@npm:^3.0.1":
  version: 3.0.1
  resolution: "@keyv/mongo@npm:3.0.1"
  dependencies:
    mongodb: ^6.8.0
  checksum: beb40dfebf7ad0579f5fb58ba37cc65c8468ba8460be832a68ebdff0ed7ea4c210f8fc738a7d3cb3253bb5418faf909803fdd7b64a840157ec9a4cbae0ebcf4a
  languageName: node
  linkType: hard

"@mongodb-js/saslprep@npm:^1.1.5":
  version: 1.1.8
  resolution: "@mongodb-js/saslprep@npm:1.1.8"
  dependencies:
    sparse-bitfield: ^3.0.3
  checksum: 259fda7ec913b5e63f102ae18840ef0d811c4a50919bbc437bd0452980806d640cd06c36076ed1655f1581ef24cd7316be0671f4b7429e7c97c7066524d2dbee
  languageName: node
  linkType: hard

"@sapphire/async-queue@npm:^1.5.2":
  version: 1.5.2
  resolution: "@sapphire/async-queue@npm:1.5.2"
  checksum: 6252e72254f33c91da4887e324f17b59708b12c603216cc45f001460fd33265844301de47ab67c8caf8383ee280b39c8427ede242bd3b50b6ccdf13a386a5f1b
  languageName: node
  linkType: hard

"@sapphire/async-queue@npm:^1.5.3":
  version: 1.5.3
  resolution: "@sapphire/async-queue@npm:1.5.3"
  checksum: e9d71249621a4e3763827ac45f1480f88e09db490c377e01a258cc23e4c2d442adda47f4aab8baa101a746f51f06dc96e748c5d327fc235b27c5fc018b795ef7
  languageName: node
  linkType: hard

"@sapphire/shapeshift@npm:^4.0.0":
  version: 4.0.0
  resolution: "@sapphire/shapeshift@npm:4.0.0"
  dependencies:
    fast-deep-equal: ^3.1.3
    lodash: ^4.17.21
  checksum: d312dd529c3b3d221a8fcd58428d03de2a744a1568ad810f9f75e1f4d5a0387952285b436b37f29141a810f6bbbe310ed3c31882c57d260a744f39beb35649f0
  languageName: node
  linkType: hard

"@sapphire/snowflake@npm:3.5.3, @sapphire/snowflake@npm:^3.5.3":
  version: 3.5.3
  resolution: "@sapphire/snowflake@npm:3.5.3"
  checksum: 821add76877e2786ddb1b5cd3ee5de130610b82014972d91a99b4b7ce5475839b9a26f94de322f48a66f9ba2e2c578ffe46a60d06cbb9a36fd8fb96ef78be248
  languageName: node
  linkType: hard

"@types/node@npm:*":
  version: 20.14.10
  resolution: "@types/node@npm:20.14.10"
  dependencies:
    undici-types: ~5.26.4
  checksum: 2f397d393de8cddb126e0b7999402ea450215ac69d49666ddef4f730a73325054499ce7345f86095e7b935c55b2e02139f3b8b9afc72fb978ed29edf6bb956b0
  languageName: node
  linkType: hard

"@types/webidl-conversions@npm:*":
  version: 7.0.3
  resolution: "@types/webidl-conversions@npm:7.0.3"
  checksum: 535ead9de4d3d6c8e4f4fa14e9db780d2a31e8020debc062f337e1420a41c3265e223e4f4b628f97a11ecf3b96390962cd88a9ffe34f44e159dec583ff49aa34
  languageName: node
  linkType: hard

"@types/whatwg-url@npm:^11.0.2":
  version: 11.0.5
  resolution: "@types/whatwg-url@npm:11.0.5"
  dependencies:
    "@types/webidl-conversions": "*"
  checksum: 23a0c45aff51817807b473a6adb181d6e3bb0d27dde54e84883d5d5bc93358e95204d2188e7ff7fdc2cdaf157e97e1188ef0a22ec79228da300fc30d4a05b56a
  languageName: node
  linkType: hard

"@types/ws@npm:^8.5.10":
  version: 8.5.10
  resolution: "@types/ws@npm:8.5.10"
  dependencies:
    "@types/node": "*"
  checksum: 3ec416ea2be24042ebd677932a462cf16d2080393d8d7d0b1b3f5d6eaa4a7387aaf0eefb99193c0bfd29444857cf2e0c3ac89899e130550dc6c14ada8a46d25e
  languageName: node
  linkType: hard

"@vladfrangu/async_event_emitter@npm:^2.2.4":
  version: 2.4.3
  resolution: "@vladfrangu/async_event_emitter@npm:2.4.3"
  checksum: 4e3de716113d216d53544c30fac452f6f4470f9fe48ab03e90bc8004387c574b7c807b090700dba7fbf89f912d55e4aa8ffbb749bd1dbc7e311c2fbdbfcafea8
  languageName: node
  linkType: hard

"@vladfrangu/async_event_emitter@npm:^2.4.6":
  version: 2.4.6
  resolution: "@vladfrangu/async_event_emitter@npm:2.4.6"
  checksum: 924e35d9adf8a045c9846c0c96618aa61c40c776b52b8d6ee510781367004ec5fda8949bf5f0d54d1896b041fccc0e5a71844c379c87b955b6412f5f18615cd9
  languageName: node
  linkType: hard

"bson@npm:^6.7.0":
  version: 6.8.0
  resolution: "bson@npm:6.8.0"
  checksum: 66076b04d7d54e7773d601a19b7c224bc5cff6b008efe102463fbc058879f2c84c0ed793b5b6ed12cc7616bbbe5e670db81cf7352e0ea947918119f8af704ba5
  languageName: node
  linkType: hard

"debianime-bot@workspace:.":
  version: 0.0.0-use.local
  resolution: "debianime-bot@workspace:."
  dependencies:
    "@keyv/mongo": ^3.0.1
    discord.js: ^14.16.2
    dotenv: ^16.4.5
    rss-parser: ^3.13.0
  languageName: unknown
  linkType: soft

"discord-api-types@npm:0.37.83":
  version: 0.37.83
  resolution: "discord-api-types@npm:0.37.83"
  checksum: ab2a31188352d9c742f09a114a95322e7f7de90199cb9f5571f7f5ac25765e7abc9b83c15c14d513ffc5e1d63d9e3ea5ff088fa8a1c5d9c1e1f395b27027cef0
  languageName: node
  linkType: hard

"discord-api-types@npm:0.37.97":
  version: 0.37.97
  resolution: "discord-api-types@npm:0.37.97"
  checksum: e2d9f394246f1af7dcf639ffb416d8c9f95dbde88a15b6667f2409066143d89d1425b9b83638de68997990a7ae499e99d56c7105ea3876ec618b14bd8e789df7
  languageName: node
  linkType: hard

"discord.js@npm:^14.16.2":
  version: 14.16.2
  resolution: "discord.js@npm:14.16.2"
  dependencies:
    "@discordjs/builders": ^1.9.0
    "@discordjs/collection": 1.5.3
    "@discordjs/formatters": ^0.5.0
    "@discordjs/rest": ^2.4.0
    "@discordjs/util": ^1.1.1
    "@discordjs/ws": 1.1.1
    "@sapphire/snowflake": 3.5.3
    discord-api-types: 0.37.97
    fast-deep-equal: 3.1.3
    lodash.snakecase: 4.1.1
    tslib: ^2.6.3
    undici: 6.19.8
  checksum: d2fd7a4339e6325c828cbfb0a5440510e24178e2b713a13268e2f7695e4213a37b648388c34b264086eb96fc8922e239a00be828af05dbcfa53ea66bc99dbde6
  languageName: node
  linkType: hard

"dotenv@npm:^16.4.5":
  version: 16.4.5
  resolution: "dotenv@npm:16.4.5"
  checksum: 301a12c3d44fd49888b74eb9ccf9f07a1f5df43f489e7fcb89647a2edcd84c42d6bc349dc8df099cd18f07c35c7b04685c1a4f3e6a6a9e6b30f8d48c15b7f49c
  languageName: node
  linkType: hard

"entities@npm:^2.0.3":
  version: 2.2.0
  resolution: "entities@npm:2.2.0"
  checksum: 19010dacaf0912c895ea262b4f6128574f9ccf8d4b3b65c7e8334ad0079b3706376360e28d8843ff50a78aabcb8f08f0a32dbfacdc77e47ed77ca08b713669b3
  languageName: node
  linkType: hard

"fast-deep-equal@npm:3.1.3, fast-deep-equal@npm:^3.1.3":
  version: 3.1.3
  resolution: "fast-deep-equal@npm:3.1.3"
  checksum: e21a9d8d84f53493b6aa15efc9cfd53dd5b714a1f23f67fb5dc8f574af80df889b3bce25dc081887c6d25457cce704e636395333abad896ccdec03abaf1f3f9d
  languageName: node
  linkType: hard

"lodash.snakecase@npm:4.1.1":
  version: 4.1.1
  resolution: "lodash.snakecase@npm:4.1.1"
  checksum: 1685ed3e83dda6eae5a4dcaee161a51cd210aabb3e1c09c57150e7dd8feda19e4ca0d27d0631eabe8d0f4eaa51e376da64e8c018ae5415417c5890d42feb72a8
  languageName: node
  linkType: hard

"lodash@npm:^4.17.21":
  version: 4.17.21
  resolution: "lodash@npm:4.17.21"
  checksum: eb835a2e51d381e561e508ce932ea50a8e5a68f4ebdd771ea240d3048244a8d13658acbd502cd4829768c56f2e16bdd4340b9ea141297d472517b83868e677f7
  languageName: node
  linkType: hard

"magic-bytes.js@npm:^1.10.0":
  version: 1.10.0
  resolution: "magic-bytes.js@npm:1.10.0"
  checksum: c10e7fc3fe584e4b0767554fb6a12dfc4a9db0782d5005cbdd46bc9b36a8bb420f5266a4b02e089ea4db587937fde289ea467a7a379ad969fb906bf4a0ec3f38
  languageName: node
  linkType: hard

"memory-pager@npm:^1.0.2":
  version: 1.5.0
  resolution: "memory-pager@npm:1.5.0"
  checksum: d1a2e684583ef55c61cd3a49101da645b11ad57014dfc565e0b43baa9004b743f7e4ab81493d8fff2ab24e9950987cc3209c94bcc4fc8d7e30a475489a1f15e9
  languageName: node
  linkType: hard

"mongodb-connection-string-url@npm:^3.0.0":
  version: 3.0.1
  resolution: "mongodb-connection-string-url@npm:3.0.1"
  dependencies:
    "@types/whatwg-url": ^11.0.2
    whatwg-url: ^13.0.0
  checksum: b0a3b9e619c53ce8c10452c6475dc1eeba4761ae1b293b1b37014acf609f44ab7057f084de8fceead9934dba2aad0a59315eab9371c1287dbaaf5aae48c6d371
  languageName: node
  linkType: hard

"mongodb@npm:^6.8.0":
  version: 6.8.0
  resolution: "mongodb@npm:6.8.0"
  dependencies:
    "@mongodb-js/saslprep": ^1.1.5
    bson: ^6.7.0
    mongodb-connection-string-url: ^3.0.0
  peerDependencies:
    "@aws-sdk/credential-providers": ^3.188.0
    "@mongodb-js/zstd": ^1.1.0
    gcp-metadata: ^5.2.0
    kerberos: ^2.0.1
    mongodb-client-encryption: ">=6.0.0 <7"
    snappy: ^7.2.2
    socks: ^2.7.1
  peerDependenciesMeta:
    "@aws-sdk/credential-providers":
      optional: true
    "@mongodb-js/zstd":
      optional: true
    gcp-metadata:
      optional: true
    kerberos:
      optional: true
    mongodb-client-encryption:
      optional: true
    snappy:
      optional: true
    socks:
      optional: true
  checksum: 5a744e9bf0f21a6f639d935b807ea4c4502f6c38719413e7c6dbed2323786c347a877e905bfd711259f552b21774a5d9d8a9271c97ed1634804f97f10addd440
  languageName: node
  linkType: hard

"punycode@npm:^2.3.0":
  version: 2.3.1
  resolution: "punycode@npm:2.3.1"
  checksum: bb0a0ceedca4c3c57a9b981b90601579058903c62be23c5e8e843d2c2d4148a3ecf029d5133486fb0e1822b098ba8bba09e89d6b21742d02fa26bda6441a6fb2
  languageName: node
  linkType: hard

"rss-parser@npm:^3.13.0":
  version: 3.13.0
  resolution: "rss-parser@npm:3.13.0"
  dependencies:
    entities: ^2.0.3
    xml2js: ^0.5.0
  checksum: 7c6ab677386dbf14ddc0526f769ccdd5bf0b53a019dd2c0454ce80971dd4decb7ac567a4e78dffe99e87d7b595698e7f24eae45f09c49ef79ad644efb702db22
  languageName: node
  linkType: hard

"sax@npm:>=0.6.0":
  version: 1.4.1
  resolution: "sax@npm:1.4.1"
  checksum: 3ad64df16b743f0f2eb7c38ced9692a6d924f1cd07bbe45c39576c2cf50de8290d9d04e7b2228f924c7d05fecc4ec5cf651423278e0c7b63d260c387ef3af84a
  languageName: node
  linkType: hard

"sparse-bitfield@npm:^3.0.3":
  version: 3.0.3
  resolution: "sparse-bitfield@npm:3.0.3"
  dependencies:
    memory-pager: ^1.0.2
  checksum: 174da88dbbcc783d5dbd26921931cc83830280b8055fb05333786ebe6fc015b9601b24972b3d55920dd2d9f5fb120576fbfa2469b08e5222c9cadf3f05210aab
  languageName: node
  linkType: hard

"tr46@npm:^4.1.1":
  version: 4.1.1
  resolution: "tr46@npm:4.1.1"
  dependencies:
    punycode: ^2.3.0
  checksum: aeeb821ac2cd792e63ec84888b4fd6598ac6ed75d861579e21a5cf9d4ee78b2c6b94e7d45036f2ca2088bc85b9b46560ad23c4482979421063b24137349dbd96
  languageName: node
  linkType: hard

"ts-mixer@npm:^6.0.4":
  version: 6.0.4
  resolution: "ts-mixer@npm:6.0.4"
  checksum: 36b1af526befd74345e736e9aa16f5c28876ebcea07784da14d929149fd7e6028cfd2fe9304c8efe8cb91b588443a9cc9e991df58e4c6e602326edbaae2af3ab
  languageName: node
  linkType: hard

"tslib@npm:^2.6.2":
  version: 2.6.3
  resolution: "tslib@npm:2.6.3"
  checksum: 74fce0e100f1ebd95b8995fbbd0e6c91bdd8f4c35c00d4da62e285a3363aaa534de40a80db30ecfd388ed7c313c42d930ee0eaf108e8114214b180eec3dbe6f5
  languageName: node
  linkType: hard

"tslib@npm:^2.6.3":
  version: 2.7.0
  resolution: "tslib@npm:2.7.0"
  checksum: 1606d5c89f88d466889def78653f3aab0f88692e80bb2066d090ca6112ae250ec1cfa9dbfaab0d17b60da15a4186e8ec4d893801c67896b277c17374e36e1d28
  languageName: node
  linkType: hard

"undici-types@npm:~5.26.4":
  version: 5.26.5
  resolution: "undici-types@npm:5.26.5"
  checksum: 3192ef6f3fd5df652f2dc1cd782b49d6ff14dc98e5dced492aa8a8c65425227da5da6aafe22523c67f035a272c599bb89cfe803c1db6311e44bed3042fc25487
  languageName: node
  linkType: hard

"undici@npm:6.13.0":
  version: 6.13.0
  resolution: "undici@npm:6.13.0"
  checksum: 47495e93aceeab18664678b6fb0ea2395b7c13a33d2ed4f7f36eb9be9ec5cd6f8e3a4ddaec18127da5e2012e5d7666ca824c7dc70af606dcfe6fdb8441ee3a7a
  languageName: node
  linkType: hard

"undici@npm:6.19.8":
  version: 6.19.8
  resolution: "undici@npm:6.19.8"
  checksum: 2f812769992a187d9c55809b6943059c0bb1340687a0891f769de02101342dded0b9c8874cd5af4a49daaeba8284101d74a1fbda4de04c604ba7a5f6190b9ea2
  languageName: node
  linkType: hard

"webidl-conversions@npm:^7.0.0":
  version: 7.0.0
  resolution: "webidl-conversions@npm:7.0.0"
  checksum: f05588567a2a76428515333eff87200fae6c83c3948a7482ebb109562971e77ef6dc49749afa58abb993391227c5697b3ecca52018793e0cb4620a48f10bd21b
  languageName: node
  linkType: hard

"whatwg-url@npm:^13.0.0":
  version: 13.0.0
  resolution: "whatwg-url@npm:13.0.0"
  dependencies:
    tr46: ^4.1.1
    webidl-conversions: ^7.0.0
  checksum: 7f69272a1bfd5f0d994988b9e234e35d21071a9bffe0d6fd4477d295552665c566b176ff8e0251a0a79c61c5a67a7a392e248aae5887d7e22bdff0125209e26b
  languageName: node
  linkType: hard

"ws@npm:^8.16.0":
  version: 8.18.0
  resolution: "ws@npm:8.18.0"
  peerDependencies:
    bufferutil: ^4.0.1
    utf-8-validate: ">=5.0.2"
  peerDependenciesMeta:
    bufferutil:
      optional: true
    utf-8-validate:
      optional: true
  checksum: 91d4d35bc99ff6df483bdf029b9ea4bfd7af1f16fc91231a96777a63d263e1eabf486e13a2353970efc534f9faa43bdbf9ee76525af22f4752cbc5ebda333975
  languageName: node
  linkType: hard

"xml2js@npm:^0.5.0":
  version: 0.5.0
  resolution: "xml2js@npm:0.5.0"
  dependencies:
    sax: ">=0.6.0"
    xmlbuilder: ~11.0.0
  checksum: 1aa71d62e5bc2d89138e3929b9ea46459157727759cbc62ef99484b778641c0cd21fb637696c052d901a22f82d092a3e740a16b4ce218e81ac59b933535124ea
  languageName: node
  linkType: hard

"xmlbuilder@npm:~11.0.0":
  version: 11.0.1
  resolution: "xmlbuilder@npm:11.0.1"
  checksum: 7152695e16f1a9976658215abab27e55d08b1b97bca901d58b048d2b6e106b5af31efccbdecf9b07af37c8377d8e7e821b494af10b3a68b0ff4ae60331b415b0
  languageName: node
  linkType: hard
